
Microsoft Visual Studio Solution File, Format Version 12.00
# Visual Studio 15
VisualStudioVersion = 15.0.27130.2027
MinimumVisualStudioVersion = 10.0.40219.1
Project("{FAE04EC0-301F-11D3-BF4B-00C04F79EFBC}") = "MailWebApi", "MailWebApi\MailWebApi.csproj", "{4C329F6F-3667-489D-9469-3B95E15207BD}"
EndProject
Project("{E53339B2-1760-4266-BCC7-CA923CBCF16C}") = "docker-compose", "docker-compose.dcproj", "{07B047D4-68F2-478B-87D8-EC497E43B739}"
EndProject
Global
	GlobalSection(SolutionConfigurationPlatforms) = preSolution
		Debug|Any CPU = Debug|Any CPU
		Release|Any CPU = Release|Any CPU
	EndGlobalSection
	GlobalSection(ProjectConfigurationPlatforms) = postSolution
		{4C329F6F-3667-489D-9469-3B95E15207BD}.Debug|Any CPU.ActiveCfg = Debug|Any CPU
		{4C329F6F-3667-489D-9469-3B95E15207BD}.Debug|Any CPU.Build.0 = Debug|Any CPU
		{4C329F6F-3667-489D-9469-3B95E15207BD}.Release|Any CPU.ActiveCfg = Release|Any CPU
		{4C329F6F-3667-489D-9469-3B95E15207BD}.Release|Any CPU.Build.0 = Release|Any CPU
		{07B047D4-68F2-478B-87D8-EC497E43B739}.Debug|Any CPU.ActiveCfg = Debug|Any CPU
		{07B047D4-68F2-478B-87D8-EC497E43B739}.Debug|Any CPU.Build.0 = Debug|Any CPU
		{07B047D4-68F2-478B-87D8-EC497E43B739}.Release|Any CPU.ActiveCfg = Release|Any CPU
		{07B047D4-68F2-478B-87D8-EC497E43B739}.Release|Any CPU.Build.0 = Release|Any CPU
	EndGlobalSection
	GlobalSection(SolutionProperties) = preSolution
		HideSolutionNode = FALSE
	EndGlobalSection
	GlobalSection(ExtensibilityGlobals) = postSolution
		SolutionGuid = {81CA3C8F-651E-46DE-B4B1-14E1C8A366FA}
	EndGlobalSection
EndGlobal
